{
  "version": 4,
  "terraform_version": "1.9.4",
  "serial": 12,
  "lineage": "05ad28a8-21bf-91c8-0157-ada18e68df38",
  "outputs": {},
  "resources": [
    {
      "mode": "managed",
      "type": "local_file",
      "name": "npm_install_script",
      "provider": "provider[\"registry.terraform.io/hashicorp/local\"]",
      "instances": [
        {
          "schema_version": 0,
          "attributes": {
            "content": "@echo off\r\n\r\nREM Navigate to the React project directory\r\ncd D:\\Devops\\weather-app\\weather-app-react\r\n\r\nREM Install npm dependencies and build the project\r\nnpm run build\r\n\r\nREM Copy build to deploy directory\r\nxcopy \"D:\\Devops\\weather-app\\weather-app-react\\build\" \"D:\\Devops\\weather-app\\weather-app-react\\deploy\" /E /I /Y\r\n",
            "content_base64": null,
            "content_base64sha256": "iY9qm/upkv/7TpbZEAUaLfukkmtt6CVFHcJPCNpoT0o=",
            "content_base64sha512": "koWMRvOwlgT0nzzl+X0ykgHFspboOccUkM1QD4ez1Bg+LpuWnmodXP1HJ3sO6swjcQwJiaOLxkh8w6pHRiQoAg==",
            "content_md5": "4b4fc744859e85138d6c091ad5a2497f",
            "content_sha1": "c336364ed04354c3b3c0cb3b5728462f294ddf05",
            "content_sha256": "898f6a9bfba992fffb4e96d910051a2dfba4926b6de825451dc24f08da684f4a",
            "content_sha512": "92858c46f3b09604f49f3ce5f97d329201c5b296e839c71490cd500f87b3d4183e2e9b969e6a1d5cfd47277b0eeacc23710c0989a38bc6487cc3aa4746242802",
            "directory_permission": "0777",
            "file_permission": "0755",
            "filename": "./install_and_build.bat",
            "id": "c336364ed04354c3b3c0cb3b5728462f294ddf05",
            "sensitive_content": null,
            "source": null
          },
          "sensitive_attributes": [
            [
              {
                "type": "get_attr",
                "value": "sensitive_content"
              }
            ]
          ]
        }
      ]
    }
  ],
  "check_results": null
}
