{
  "version": 4,
  "terraform_version": "1.9.4",
  "serial": 6,
  "lineage": "2d5ead11-72db-11f7-a148-7ea635c4e9c0",
  "outputs": {},
  "resources": [
    {
      "mode": "managed",
      "type": "local_file",
      "name": "npm_install_script",
      "provider": "provider[\"registry.terraform.io/hashicorp/local\"]",
      "instances": [
        {
          "schema_version": 0,
          "attributes": {
            "content": "@echo off\r\nREM Navigate to the React project directory\r\ncd D:\\Devops\\weather-app\\weather-app-react\r\n\r\nREM Install npm dependencies\r\nnpm install\r\n\r\nREM Build the React project\r\nnpm run build\r\n",
            "content_base64": null,
            "content_base64sha256": "AQqe/Gg+YDB4sKEY+R1gnMKemZBDw9AiMxMI+Ui+pk4=",
            "content_base64sha512": "WQqBaManwkj33f/3+HTu+RVYH0Tfp20O2RIfW6YjUs6JuXuXRjKysyLaeQeOU/6++qIFo9TzsUfR5X8OaAa6jA==",
            "content_md5": "678049d50a34e4b0aa54c48e8e714491",
            "content_sha1": "717d4673e457b438b47e31052961a0666e6ee1d3",
            "content_sha256": "010a9efc683e603078b0a118f91d609cc29e999043c3d022331308f948bea64e",
            "content_sha512": "590a8168c6a7c248f7ddfff7f874eef915581f44dfa76d0ed9121f5ba62352ce89b97b974632b2b322da79078e53febefaa205a3d4f3b147d1e57f0e6806ba8c",
            "directory_permission": "0777",
            "file_permission": "0755",
            "filename": "./install_and_build.bat",
            "id": "717d4673e457b438b47e31052961a0666e6ee1d3",
            "sensitive_content": null,
            "source": null
          },
          "sensitive_attributes": [
            [
              {
                "type": "get_attr",
                "value": "sensitive_content"
              }
            ]
          ]
        }
      ]
    }
  ],
  "check_results": null
}
